
Microsoft Visual Studio Solution File, Format Version 12.00
# Visual Studio Version 17
VisualStudioVersion = 17.9.34728.123
MinimumVisualStudioVersion = 10.0.40219.1
Project("{9A19103F-16F7-4668-BE54-9A1E7A4F7556}") = "CheckSPNs.Domain", "CheckSPNs.Domain\CheckSPNs.Domain.csproj", "{766FF6F5-8021-4CAC-BE78-1F1D07229299}"
EndProject
Project("{9A19103F-16F7-4668-BE54-9A1E7A4F7556}") = "CheckSPNs.Service", "CheckSPNs.Service\CheckSPNs.Service.csproj", "{670C4241-BF74-49FC-813C-675714F9ED14}"
EndProject
Project("{9A19103F-16F7-4668-BE54-9A1E7A4F7556}") = "CheckSPNs.Data", "CheckSPNs.Data\CheckSPNs.Data.csproj", "{7A19D44D-214E-4C18-A2FE-A9AF7759AEC7}"
EndProject
Project("{9A19103F-16F7-4668-BE54-9A1E7A4F7556}") = "CheckSPNs.Infrastructure", "CheckSPNs.Infrastructure\CheckSPNs.Infrastructure.csproj", "{82247B28-8DBD-4D28-BFFA-3B212EC0CC60}"
EndProject
Project("{9A19103F-16F7-4668-BE54-9A1E7A4F7556}") = "CheckSPNs.Authentication.Service", "CheckSPNs.Authentication.Service\CheckSPNs.Authentication.Service.csproj", "{EA7FD5CF-F03F-4016-B01E-18F9DDBA3C83}"
EndProject
Project("{2150E333-8FDC-42A3-9474-1A3956D46DE8}") = "Backend", "Backend", "{23A29807-ECFA-4C5E-B54A-A553F7238A9E}"
EndProject
Project("{2150E333-8FDC-42A3-9474-1A3956D46DE8}") = "Frontend", "Frontend", "{8A57BBA4-8E0B-472C-A7EE-D91419BB7867}"
EndProject
Project("{9A19103F-16F7-4668-BE54-9A1E7A4F7556}") = "CheckSPNs.Client", "CheckSPNs.Client\CheckSPNs.Client.csproj", "{D072C4E8-2A84-41D2-906F-BC9459485D59}"
EndProject
Project("{9A19103F-16F7-4668-BE54-9A1E7A4F7556}") = "CheckSPNs.Client.Data", "CheckSPNs.Client.Data\CheckSPNs.Client.Data.csproj", "{5162C537-901D-4CE7-8EDB-DE3B2B10EAFE}"
EndProject
Project("{9A19103F-16F7-4668-BE54-9A1E7A4F7556}") = "CheckSPNs.API", "CheckSPNs.API\CheckSPNs.API.csproj", "{49C594FB-2CF3-4CE8-A66C-F5B54859ECA3}"
EndProject
Global
	GlobalSection(SolutionConfigurationPlatforms) = preSolution
		Debug|Any CPU = Debug|Any CPU
		Release|Any CPU = Release|Any CPU
	EndGlobalSection
	GlobalSection(ProjectConfigurationPlatforms) = postSolution
		{766FF6F5-8021-4CAC-BE78-1F1D07229299}.Debug|Any CPU.ActiveCfg = Debug|Any CPU
		{766FF6F5-8021-4CAC-BE78-1F1D07229299}.Debug|Any CPU.Build.0 = Debug|Any CPU
		{766FF6F5-8021-4CAC-BE78-1F1D07229299}.Release|Any CPU.ActiveCfg = Release|Any CPU
		{766FF6F5-8021-4CAC-BE78-1F1D07229299}.Release|Any CPU.Build.0 = Release|Any CPU
		{670C4241-BF74-49FC-813C-675714F9ED14}.Debug|Any CPU.ActiveCfg = Debug|Any CPU
		{670C4241-BF74-49FC-813C-675714F9ED14}.Debug|Any CPU.Build.0 = Debug|Any CPU
		{670C4241-BF74-49FC-813C-675714F9ED14}.Release|Any CPU.ActiveCfg = Release|Any CPU
		{670C4241-BF74-49FC-813C-675714F9ED14}.Release|Any CPU.Build.0 = Release|Any CPU
		{7A19D44D-214E-4C18-A2FE-A9AF7759AEC7}.Debug|Any CPU.ActiveCfg = Debug|Any CPU
		{7A19D44D-214E-4C18-A2FE-A9AF7759AEC7}.Debug|Any CPU.Build.0 = Debug|Any CPU
		{7A19D44D-214E-4C18-A2FE-A9AF7759AEC7}.Release|Any CPU.ActiveCfg = Release|Any CPU
		{7A19D44D-214E-4C18-A2FE-A9AF7759AEC7}.Release|Any CPU.Build.0 = Release|Any CPU
		{82247B28-8DBD-4D28-BFFA-3B212EC0CC60}.Debug|Any CPU.ActiveCfg = Debug|Any CPU
		{82247B28-8DBD-4D28-BFFA-3B212EC0CC60}.Debug|Any CPU.Build.0 = Debug|Any CPU
		{82247B28-8DBD-4D28-BFFA-3B212EC0CC60}.Release|Any CPU.ActiveCfg = Release|Any CPU
		{82247B28-8DBD-4D28-BFFA-3B212EC0CC60}.Release|Any CPU.Build.0 = Release|Any CPU
		{EA7FD5CF-F03F-4016-B01E-18F9DDBA3C83}.Debug|Any CPU.ActiveCfg = Debug|Any CPU
		{EA7FD5CF-F03F-4016-B01E-18F9DDBA3C83}.Debug|Any CPU.Build.0 = Debug|Any CPU
		{EA7FD5CF-F03F-4016-B01E-18F9DDBA3C83}.Release|Any CPU.ActiveCfg = Release|Any CPU
		{EA7FD5CF-F03F-4016-B01E-18F9DDBA3C83}.Release|Any CPU.Build.0 = Release|Any CPU
		{D072C4E8-2A84-41D2-906F-BC9459485D59}.Debug|Any CPU.ActiveCfg = Debug|Any CPU
		{D072C4E8-2A84-41D2-906F-BC9459485D59}.Debug|Any CPU.Build.0 = Debug|Any CPU
		{D072C4E8-2A84-41D2-906F-BC9459485D59}.Release|Any CPU.ActiveCfg = Release|Any CPU
		{D072C4E8-2A84-41D2-906F-BC9459485D59}.Release|Any CPU.Build.0 = Release|Any CPU
		{5162C537-901D-4CE7-8EDB-DE3B2B10EAFE}.Debug|Any CPU.ActiveCfg = Debug|Any CPU
		{5162C537-901D-4CE7-8EDB-DE3B2B10EAFE}.Debug|Any CPU.Build.0 = Debug|Any CPU
		{5162C537-901D-4CE7-8EDB-DE3B2B10EAFE}.Release|Any CPU.ActiveCfg = Release|Any CPU
		{5162C537-901D-4CE7-8EDB-DE3B2B10EAFE}.Release|Any CPU.Build.0 = Release|Any CPU
		{49C594FB-2CF3-4CE8-A66C-F5B54859ECA3}.Debug|Any CPU.ActiveCfg = Debug|Any CPU
		{49C594FB-2CF3-4CE8-A66C-F5B54859ECA3}.Debug|Any CPU.Build.0 = Debug|Any CPU
		{49C594FB-2CF3-4CE8-A66C-F5B54859ECA3}.Release|Any CPU.ActiveCfg = Release|Any CPU
		{49C594FB-2CF3-4CE8-A66C-F5B54859ECA3}.Release|Any CPU.Build.0 = Release|Any CPU
	EndGlobalSection
	GlobalSection(SolutionProperties) = preSolution
		HideSolutionNode = FALSE
	EndGlobalSection
	GlobalSection(NestedProjects) = preSolution
		{766FF6F5-8021-4CAC-BE78-1F1D07229299} = {23A29807-ECFA-4C5E-B54A-A553F7238A9E}
		{670C4241-BF74-49FC-813C-675714F9ED14} = {23A29807-ECFA-4C5E-B54A-A553F7238A9E}
		{7A19D44D-214E-4C18-A2FE-A9AF7759AEC7} = {23A29807-ECFA-4C5E-B54A-A553F7238A9E}
		{82247B28-8DBD-4D28-BFFA-3B212EC0CC60} = {23A29807-ECFA-4C5E-B54A-A553F7238A9E}
		{EA7FD5CF-F03F-4016-B01E-18F9DDBA3C83} = {23A29807-ECFA-4C5E-B54A-A553F7238A9E}
		{D072C4E8-2A84-41D2-906F-BC9459485D59} = {8A57BBA4-8E0B-472C-A7EE-D91419BB7867}
		{5162C537-901D-4CE7-8EDB-DE3B2B10EAFE} = {8A57BBA4-8E0B-472C-A7EE-D91419BB7867}
		{49C594FB-2CF3-4CE8-A66C-F5B54859ECA3} = {23A29807-ECFA-4C5E-B54A-A553F7238A9E}
	EndGlobalSection
	GlobalSection(ExtensibilityGlobals) = postSolution
		SolutionGuid = {BD8DB15D-3B02-440E-8C56-5C836D18DD1A}
	EndGlobalSection
EndGlobal
